// !$*UTF8*$!
{
	archiveVersion = 1;
	classes = {
	};
	objectVersion = 54;
	objects = {

/* Begin PBXBuildFile section */
		0C80B921A6F3F58F76C31292 /* libPods-EverRide.a in Frameworks */ = {isa = PBXBuildFile; fileRef = 5DCACB8F33CDC322A6C60F78 /* libPods-EverRide.a */; };
		13B07FBF1A68108700A75B9A /* Images.xcassets in Resources */ = {isa = PBXBuildFile; fileRef = 13B07FB51A68108700A75B9A /* Images.xcassets */; };
		761780ED2CA45674006654EE /* AppDelegate.swift in Sources */ = {isa = PBXBuildFile; fileRef = 761780EC2CA45674006654EE /* AppDelegate.swift */; };
		81AB9BB82411601600AC10FF /* LaunchScreen.storyboard in Resources */ = {isa = PBXBuildFile; fileRef = 81AB9BB72411601600AC10FF /* LaunchScreen.storyboard */; };
		57047730919143F1843474A2 /* Poppins-Black.ttf in Resources */ = {isa = PBXBuildFile; fileRef = C9177BDA017A4A0DBA480A25 /* Poppins-Black.ttf */; };
		8AF8AADC89914C67903F05DD /* Poppins-BlackItalic.ttf in Resources */ = {isa = PBXBuildFile; fileRef = 38254112DFFC4894923CE08E /* Poppins-BlackItalic.ttf */; };
		0343E6B7449E481DACBF3BDD /* Poppins-Bold.ttf in Resources */ = {isa = PBXBuildFile; fileRef = AEFDA877C5744693A8864757 /* Poppins-Bold.ttf */; };
		EEF0FF5CB8294BE1A9B59549 /* Poppins-BoldItalic.ttf in Resources */ = {isa = PBXBuildFile; fileRef = AC62BF47A43A41378D4C0EA8 /* Poppins-BoldItalic.ttf */; };
		4FB4321CC07D4501AEAFF843 /* Poppins-ExtraBold.ttf in Resources */ = {isa = PBXBuildFile; fileRef = 069353C878AA4BC4B6F56345 /* Poppins-ExtraBold.ttf */; };
		7A115FF4EFD94DFAA3188FFE /* Poppins-ExtraBoldItalic.ttf in Resources */ = {isa = PBXBuildFile; fileRef = 929B9EB09D734EF683B3C834 /* Poppins-ExtraBoldItalic.ttf */; };
		765806065B8041489784699D /* Poppins-ExtraLight.ttf in Resources */ = {isa = PBXBuildFile; fileRef = 1A4B727F1F1B4173829BD03B /* Poppins-ExtraLight.ttf */; };
		E481EFC72948409088299169 /* Poppins-ExtraLightItalic.ttf in Resources */ = {isa = PBXBuildFile; fileRef = 5C49B3A7D28540A89CE562CD /* Poppins-ExtraLightItalic.ttf */; };
		029746305CEE41E1BAF2ED74 /* Poppins-Italic.ttf in Resources */ = {isa = PBXBuildFile; fileRef = 87F05EA4070D41F69D826357 /* Poppins-Italic.ttf */; };
		26D174ACEA1C435B98B0D751 /* Poppins-Light.ttf in Resources */ = {isa = PBXBuildFile; fileRef = 517531B9ED8842C78DE79D2C /* Poppins-Light.ttf */; };
		B8BC02A56FEE4110B3DC7CBB /* Poppins-LightItalic.ttf in Resources */ = {isa = PBXBuildFile; fileRef = BF24024C4FF14796A4E85ABF /* Poppins-LightItalic.ttf */; };
		E1A62250B7584C63A50C585E /* Poppins-Medium.ttf in Resources */ = {isa = PBXBuildFile; fileRef = 9B748425963F469DB35DCB2E /* Poppins-Medium.ttf */; };
		F0BEFABB0F8142429B0E42FE /* Poppins-MediumItalic.ttf in Resources */ = {isa = PBXBuildFile; fileRef = 5A4FBFE16C1349DE890F21E8 /* Poppins-MediumItalic.ttf */; };
		7E0B6BD80769498F91378AA7 /* Poppins-Regular.ttf in Resources */ = {isa = PBXBuildFile; fileRef = 6F1E559587E34365A0B7479E /* Poppins-Regular.ttf */; };
		C5C57EC59E11450693FB4E9A /* Poppins-SemiBold.ttf in Resources */ = {isa = PBXBuildFile; fileRef = AE5AC91FFFEB49659646B563 /* Poppins-SemiBold.ttf */; };
		5F2A116C6AAA4CEDB21F9CF4 /* Poppins-SemiBoldItalic.ttf in Resources */ = {isa = PBXBuildFile; fileRef = 936609AC6C70479C9BD8533A /* Poppins-SemiBoldItalic.ttf */; };
		AAC0C8D7A12D4547A9C22652 /* Poppins-Thin.ttf in Resources */ = {isa = PBXBuildFile; fileRef = 619C6AC4FE094FC8B6F89119 /* Poppins-Thin.ttf */; };
		C58AE31018044B169E85FB84 /* Poppins-ThinItalic.ttf in Resources */ = {isa = PBXBuildFile; fileRef = CB69FCEA205D4ED38A97B6C6 /* Poppins-ThinItalic.ttf */; };
		281FA973A3B94579B3F79D62 /* Raleway-Black.ttf in Resources */ = {isa = PBXBuildFile; fileRef = F8A360CBD4084448A5225D0F /* Raleway-Black.ttf */; };
		DDCD25E51DED4527A9AE0390 /* Raleway-BlackItalic.ttf in Resources */ = {isa = PBXBuildFile; fileRef = FB6EFE12D5E64391BB443558 /* Raleway-BlackItalic.ttf */; };
		E77399244BA9424F81994403 /* Raleway-Bold.ttf in Resources */ = {isa = PBXBuildFile; fileRef = 5B84A62DD3834F9B823AC976 /* Raleway-Bold.ttf */; };
		748AE027FA3B4462BD1B5C73 /* Raleway-BoldItalic.ttf in Resources */ = {isa = PBXBuildFile; fileRef = EC310950360449E9B3EE09B2 /* Raleway-BoldItalic.ttf */; };
		EC83AC833E8D4634B4BD1A99 /* Raleway-ExtraBold.ttf in Resources */ = {isa = PBXBuildFile; fileRef = 11CB19213A1546A1A9D46F4F /* Raleway-ExtraBold.ttf */; };
		69C199B2C7B64324A86C15B7 /* Raleway-ExtraBoldItalic.ttf in Resources */ = {isa = PBXBuildFile; fileRef = D78EB878E1244A149184A2EC /* Raleway-ExtraBoldItalic.ttf */; };
		8B45351754484E26BF9CB573 /* Raleway-ExtraLight.ttf in Resources */ = {isa = PBXBuildFile; fileRef = 2387AD011A264A8E974C14E6 /* Raleway-ExtraLight.ttf */; };
		470238E617AA42CBA0E4C542 /* Raleway-ExtraLightItalic.ttf in Resources */ = {isa = PBXBuildFile; fileRef = B0F280E49AEA48ED98E0153A /* Raleway-ExtraLightItalic.ttf */; };
		475CEA437CE34F17AB030BB1 /* Raleway-Italic.ttf in Resources */ = {isa = PBXBuildFile; fileRef = CF7FE563BE2749A29CA71466 /* Raleway-Italic.ttf */; };
		15807BCF7C1C4A2BB0AF7CD1 /* Raleway-Light.ttf in Resources */ = {isa = PBXBuildFile; fileRef = D1BAA3FF4F774F9DB84B925C /* Raleway-Light.ttf */; };
		67BDE5F0A9294258A59040AB /* Raleway-LightItalic.ttf in Resources */ = {isa = PBXBuildFile; fileRef = F103EB828FF84306BF7AC9A4 /* Raleway-LightItalic.ttf */; };
		92C8411EB33248D188573240 /* Raleway-Medium.ttf in Resources */ = {isa = PBXBuildFile; fileRef = 3EE8FEAAC49945258EE30405 /* Raleway-Medium.ttf */; };
		CC492F612B13436FB04659F0 /* Raleway-MediumItalic.ttf in Resources */ = {isa = PBXBuildFile; fileRef = A2A98E9C523F4535808A4D1C /* Raleway-MediumItalic.ttf */; };
		807310B67AA34888B6B9C8A3 /* Raleway-Regular.ttf in Resources */ = {isa = PBXBuildFile; fileRef = ADC50796A9574541A03CCFD7 /* Raleway-Regular.ttf */; };
		BA0FCAA376B34838AC8C4A4C /* Raleway-SemiBold.ttf in Resources */ = {isa = PBXBuildFile; fileRef = 5DCEFB7751E44ED0A585192D /* Raleway-SemiBold.ttf */; };
		008D09C82DB84E58A8ED545D /* Raleway-SemiBoldItalic.ttf in Resources */ = {isa = PBXBuildFile; fileRef = 8FC26113CDA747DD8E4CDAA9 /* Raleway-SemiBoldItalic.ttf */; };
		5B6C4A4FFF614577980A850C /* Raleway-Thin.ttf in Resources */ = {isa = PBXBuildFile; fileRef = A4009B57E28A47D0B99DEB89 /* Raleway-Thin.ttf */; };
		DD1F24CC7AF14729A8C59766 /* Raleway-ThinItalic.ttf in Resources */ = {isa = PBXBuildFile; fileRef = BE47108A394D416F817C0899 /* Raleway-ThinItalic.ttf */; };
		B9B9E8A2121349F7A18FF51B /* Syne-Bold.ttf in Resources */ = {isa = PBXBuildFile; fileRef = 3C768CD8D86C4FAB8989CC66 /* Syne-Bold.ttf */; };
		704425D1CE344B1D8ABA5801 /* Syne-ExtraBold.ttf in Resources */ = {isa = PBXBuildFile; fileRef = 79BD01BA757746A793C5BB34 /* Syne-ExtraBold.ttf */; };
		D0836439EA244CFDBA2735E9 /* Syne-Medium.ttf in Resources */ = {isa = PBXBuildFile; fileRef = 1B52DBA6AF8342A1B8B11687 /* Syne-Medium.ttf */; };
		67C232E74D234C94ADA86C50 /* Syne-Regular.ttf in Resources */ = {isa = PBXBuildFile; fileRef = AC3861F946DB4F488D71906E /* Syne-Regular.ttf */; };
		23F9872C41454090827EEBA0 /* Syne-SemiBold.ttf in Resources */ = {isa = PBXBuildFile; fileRef = A7D45365095946D9B3FD0568 /* Syne-SemiBold.ttf */; };
		CF459E7BC9BE4C51B93EA9F7 /* OFL.txt in Resources */ = {isa = PBXBuildFile; fileRef = 1D3426626704444DA6BB2A98 /* OFL.txt */; };
/* End PBXBuildFile section */

/* Begin PBXFileReference section */
		13B07F961A680F5B00A75B9A /* EverRide.app */ = {isa = PBXFileReference; explicitFileType = wrapper.application; includeInIndex = 0; path = EverRide.app; sourceTree = BUILT_PRODUCTS_DIR; };
		13B07FB51A68108700A75B9A /* Images.xcassets */ = {isa = PBXFileReference; lastKnownFileType = folder.assetcatalog; name = Images.xcassets; path = EverRide/Images.xcassets; sourceTree = "<group>"; };
		13B07FB61A68108700A75B9A /* Info.plist */ = {isa = PBXFileReference; fileEncoding = 4; lastKnownFileType = text.plist.xml; name = Info.plist; path = EverRide/Info.plist; sourceTree = "<group>"; };
		13B07FB81A68108700A75B9A /* PrivacyInfo.xcprivacy */ = {isa = PBXFileReference; fileEncoding = 4; lastKnownFileType = text.plist.xml; name = PrivacyInfo.xcprivacy; path = EverRide/PrivacyInfo.xcprivacy; sourceTree = "<group>"; };
		3B4392A12AC88292D35C810B /* Pods-EverRide.debug.xcconfig */ = {isa = PBXFileReference; includeInIndex = 1; lastKnownFileType = text.xcconfig; name = "Pods-EverRide.debug.xcconfig"; path = "Target Support Files/Pods-EverRide/Pods-EverRide.debug.xcconfig"; sourceTree = "<group>"; };
		5709B34CF0A7D63546082F79 /* Pods-EverRide.release.xcconfig */ = {isa = PBXFileReference; includeInIndex = 1; lastKnownFileType = text.xcconfig; name = "Pods-EverRide.release.xcconfig"; path = "Target Support Files/Pods-EverRide/Pods-EverRide.release.xcconfig"; sourceTree = "<group>"; };
		5DCACB8F33CDC322A6C60F78 /* libPods-EverRide.a */ = {isa = PBXFileReference; explicitFileType = archive.ar; includeInIndex = 0; path = "libPods-EverRide.a"; sourceTree = BUILT_PRODUCTS_DIR; };
		761780EC2CA45674006654EE /* AppDelegate.swift */ = {isa = PBXFileReference; lastKnownFileType = sourcecode.swift; name = AppDelegate.swift; path = EverRide/AppDelegate.swift; sourceTree = "<group>"; };
		81AB9BB72411601600AC10FF /* LaunchScreen.storyboard */ = {isa = PBXFileReference; fileEncoding = 4; lastKnownFileType = file.storyboard; name = LaunchScreen.storyboard; path = EverRide/LaunchScreen.storyboard; sourceTree = "<group>"; };
		ED297162215061F000B7C4FE /* JavaScriptCore.framework */ = {isa = PBXFileReference; lastKnownFileType = wrapper.framework; name = JavaScriptCore.framework; path = System/Library/Frameworks/JavaScriptCore.framework; sourceTree = SDKROOT; };
		C9177BDA017A4A0DBA480A25 /* Poppins-Black.ttf */ = {isa = PBXFileReference; name = "Poppins-Black.ttf"; path = "../src/theme/Font/Poppins/Poppins-Black.ttf"; sourceTree = "<group>"; fileEncoding = undefined; lastKnownFileType = unknown; explicitFileType = undefined; includeInIndex = 0; };
		38254112DFFC4894923CE08E /* Poppins-BlackItalic.ttf */ = {isa = PBXFileReference; name = "Poppins-BlackItalic.ttf"; path = "../src/theme/Font/Poppins/Poppins-BlackItalic.ttf"; sourceTree = "<group>"; fileEncoding = undefined; lastKnownFileType = unknown; explicitFileType = undefined; includeInIndex = 0; };
		AEFDA877C5744693A8864757 /* Poppins-Bold.ttf */ = {isa = PBXFileReference; name = "Poppins-Bold.ttf"; path = "../src/theme/Font/Poppins/Poppins-Bold.ttf"; sourceTree = "<group>"; fileEncoding = undefined; lastKnownFileType = unknown; explicitFileType = undefined; includeInIndex = 0; };
		AC62BF47A43A41378D4C0EA8 /* Poppins-BoldItalic.ttf */ = {isa = PBXFileReference; name = "Poppins-BoldItalic.ttf"; path = "../src/theme/Font/Poppins/Poppins-BoldItalic.ttf"; sourceTree = "<group>"; fileEncoding = undefined; lastKnownFileType = unknown; explicitFileType = undefined; includeInIndex = 0; };
		069353C878AA4BC4B6F56345 /* Poppins-ExtraBold.ttf */ = {isa = PBXFileReference; name = "Poppins-ExtraBold.ttf"; path = "../src/theme/Font/Poppins/Poppins-ExtraBold.ttf"; sourceTree = "<group>"; fileEncoding = undefined; lastKnownFileType = unknown; explicitFileType = undefined; includeInIndex = 0; };
		929B9EB09D734EF683B3C834 /* Poppins-ExtraBoldItalic.ttf */ = {isa = PBXFileReference; name = "Poppins-ExtraBoldItalic.ttf"; path = "../src/theme/Font/Poppins/Poppins-ExtraBoldItalic.ttf"; sourceTree = "<group>"; fileEncoding = undefined; lastKnownFileType = unknown; explicitFileType = undefined; includeInIndex = 0; };
		1A4B727F1F1B4173829BD03B /* Poppins-ExtraLight.ttf */ = {isa = PBXFileReference; name = "Poppins-ExtraLight.ttf"; path = "../src/theme/Font/Poppins/Poppins-ExtraLight.ttf"; sourceTree = "<group>"; fileEncoding = undefined; lastKnownFileType = unknown; explicitFileType = undefined; includeInIndex = 0; };
		5C49B3A7D28540A89CE562CD /* Poppins-ExtraLightItalic.ttf */ = {isa = PBXFileReference; name = "Poppins-ExtraLightItalic.ttf"; path = "../src/theme/Font/Poppins/Poppins-ExtraLightItalic.ttf"; sourceTree = "<group>"; fileEncoding = undefined; lastKnownFileType = unknown; explicitFileType = undefined; includeInIndex = 0; };
		87F05EA4070D41F69D826357 /* Poppins-Italic.ttf */ = {isa = PBXFileReference; name = "Poppins-Italic.ttf"; path = "../src/theme/Font/Poppins/Poppins-Italic.ttf"; sourceTree = "<group>"; fileEncoding = undefined; lastKnownFileType = unknown; explicitFileType = undefined; includeInIndex = 0; };
		517531B9ED8842C78DE79D2C /* Poppins-Light.ttf */ = {isa = PBXFileReference; name = "Poppins-Light.ttf"; path = "../src/theme/Font/Poppins/Poppins-Light.ttf"; sourceTree = "<group>"; fileEncoding = undefined; lastKnownFileType = unknown; explicitFileType = undefined; includeInIndex = 0; };
		BF24024C4FF14796A4E85ABF /* Poppins-LightItalic.ttf */ = {isa = PBXFileReference; name = "Poppins-LightItalic.ttf"; path = "../src/theme/Font/Poppins/Poppins-LightItalic.ttf"; sourceTree = "<group>"; fileEncoding = undefined; lastKnownFileType = unknown; explicitFileType = undefined; includeInIndex = 0; };
		9B748425963F469DB35DCB2E /* Poppins-Medium.ttf */ = {isa = PBXFileReference; name = "Poppins-Medium.ttf"; path = "../src/theme/Font/Poppins/Poppins-Medium.ttf"; sourceTree = "<group>"; fileEncoding = undefined; lastKnownFileType = unknown; explicitFileType = undefined; includeInIndex = 0; };
		5A4FBFE16C1349DE890F21E8 /* Poppins-MediumItalic.ttf */ = {isa = PBXFileReference; name = "Poppins-MediumItalic.ttf"; path = "../src/theme/Font/Poppins/Poppins-MediumItalic.ttf"; sourceTree = "<group>"; fileEncoding = undefined; lastKnownFileType = unknown; explicitFileType = undefined; includeInIndex = 0; };
		6F1E559587E34365A0B7479E /* Poppins-Regular.ttf */ = {isa = PBXFileReference; name = "Poppins-Regular.ttf"; path = "../src/theme/Font/Poppins/Poppins-Regular.ttf"; sourceTree = "<group>"; fileEncoding = undefined; lastKnownFileType = unknown; explicitFileType = undefined; includeInIndex = 0; };
		AE5AC91FFFEB49659646B563 /* Poppins-SemiBold.ttf */ = {isa = PBXFileReference; name = "Poppins-SemiBold.ttf"; path = "../src/theme/Font/Poppins/Poppins-SemiBold.ttf"; sourceTree = "<group>"; fileEncoding = undefined; lastKnownFileType = unknown; explicitFileType = undefined; includeInIndex = 0; };
		936609AC6C70479C9BD8533A /* Poppins-SemiBoldItalic.ttf */ = {isa = PBXFileReference; name = "Poppins-SemiBoldItalic.ttf"; path = "../src/theme/Font/Poppins/Poppins-SemiBoldItalic.ttf"; sourceTree = "<group>"; fileEncoding = undefined; lastKnownFileType = unknown; explicitFileType = undefined; includeInIndex = 0; };
		619C6AC4FE094FC8B6F89119 /* Poppins-Thin.ttf */ = {isa = PBXFileReference; name = "Poppins-Thin.ttf"; path = "../src/theme/Font/Poppins/Poppins-Thin.ttf"; sourceTree = "<group>"; fileEncoding = undefined; lastKnownFileType = unknown; explicitFileType = undefined; includeInIndex = 0; };
		CB69FCEA205D4ED38A97B6C6 /* Poppins-ThinItalic.ttf */ = {isa = PBXFileReference; name = "Poppins-ThinItalic.ttf"; path = "../src/theme/Font/Poppins/Poppins-ThinItalic.ttf"; sourceTree = "<group>"; fileEncoding = undefined; lastKnownFileType = unknown; explicitFileType = undefined; includeInIndex = 0; };
		F8A360CBD4084448A5225D0F /* Raleway-Black.ttf */ = {isa = PBXFileReference; name = "Raleway-Black.ttf"; path = "../src/theme/Font/Raleway/Raleway-Black.ttf"; sourceTree = "<group>"; fileEncoding = undefined; lastKnownFileType = unknown; explicitFileType = undefined; includeInIndex = 0; };
		FB6EFE12D5E64391BB443558 /* Raleway-BlackItalic.ttf */ = {isa = PBXFileReference; name = "Raleway-BlackItalic.ttf"; path = "../src/theme/Font/Raleway/Raleway-BlackItalic.ttf"; sourceTree = "<group>"; fileEncoding = undefined; lastKnownFileType = unknown; explicitFileType = undefined; includeInIndex = 0; };
		5B84A62DD3834F9B823AC976 /* Raleway-Bold.ttf */ = {isa = PBXFileReference; name = "Raleway-Bold.ttf"; path = "../src/theme/Font/Raleway/Raleway-Bold.ttf"; sourceTree = "<group>"; fileEncoding = undefined; lastKnownFileType = unknown; explicitFileType = undefined; includeInIndex = 0; };
		EC310950360449E9B3EE09B2 /* Raleway-BoldItalic.ttf */ = {isa = PBXFileReference; name = "Raleway-BoldItalic.ttf"; path = "../src/theme/Font/Raleway/Raleway-BoldItalic.ttf"; sourceTree = "<group>"; fileEncoding = undefined; lastKnownFileType = unknown; explicitFileType = undefined; includeInIndex = 0; };
		11CB19213A1546A1A9D46F4F /* Raleway-ExtraBold.ttf */ = {isa = PBXFileReference; name = "Raleway-ExtraBold.ttf"; path = "../src/theme/Font/Raleway/Raleway-ExtraBold.ttf"; sourceTree = "<group>"; fileEncoding = undefined; lastKnownFileType = unknown; explicitFileType = undefined; includeInIndex = 0; };
		D78EB878E1244A149184A2EC /* Raleway-ExtraBoldItalic.ttf */ = {isa = PBXFileReference; name = "Raleway-ExtraBoldItalic.ttf"; path = "../src/theme/Font/Raleway/Raleway-ExtraBoldItalic.ttf"; sourceTree = "<group>"; fileEncoding = undefined; lastKnownFileType = unknown; explicitFileType = undefined; includeInIndex = 0; };
		2387AD011A264A8E974C14E6 /* Raleway-ExtraLight.ttf */ = {isa = PBXFileReference; name = "Raleway-ExtraLight.ttf"; path = "../src/theme/Font/Raleway/Raleway-ExtraLight.ttf"; sourceTree = "<group>"; fileEncoding = undefined; lastKnownFileType = unknown; explicitFileType = undefined; includeInIndex = 0; };
		B0F280E49AEA48ED98E0153A /* Raleway-ExtraLightItalic.ttf */ = {isa = PBXFileReference; name = "Raleway-ExtraLightItalic.ttf"; path = "../src/theme/Font/Raleway/Raleway-ExtraLightItalic.ttf"; sourceTree = "<group>"; fileEncoding = undefined; lastKnownFileType = unknown; explicitFileType = undefined; includeInIndex = 0; };
		CF7FE563BE2749A29CA71466 /* Raleway-Italic.ttf */ = {isa = PBXFileReference; name = "Raleway-Italic.ttf"; path = "../src/theme/Font/Raleway/Raleway-Italic.ttf"; sourceTree = "<group>"; fileEncoding = undefined; lastKnownFileType = unknown; explicitFileType = undefined; includeInIndex = 0; };
		D1BAA3FF4F774F9DB84B925C /* Raleway-Light.ttf */ = {isa = PBXFileReference; name = "Raleway-Light.ttf"; path = "../src/theme/Font/Raleway/Raleway-Light.ttf"; sourceTree = "<group>"; fileEncoding = undefined; lastKnownFileType = unknown; explicitFileType = undefined; includeInIndex = 0; };
		F103EB828FF84306BF7AC9A4 /* Raleway-LightItalic.ttf */ = {isa = PBXFileReference; name = "Raleway-LightItalic.ttf"; path = "../src/theme/Font/Raleway/Raleway-LightItalic.ttf"; sourceTree = "<group>"; fileEncoding = undefined; lastKnownFileType = unknown; explicitFileType = undefined; includeInIndex = 0; };
		3EE8FEAAC49945258EE30405 /* Raleway-Medium.ttf */ = {isa = PBXFileReference; name = "Raleway-Medium.ttf"; path = "../src/theme/Font/Raleway/Raleway-Medium.ttf"; sourceTree = "<group>"; fileEncoding = undefined; lastKnownFileType = unknown; explicitFileType = undefined; includeInIndex = 0; };
		A2A98E9C523F4535808A4D1C /* Raleway-MediumItalic.ttf */ = {isa = PBXFileReference; name = "Raleway-MediumItalic.ttf"; path = "../src/theme/Font/Raleway/Raleway-MediumItalic.ttf"; sourceTree = "<group>"; fileEncoding = undefined; lastKnownFileType = unknown; explicitFileType = undefined; includeInIndex = 0; };
		ADC50796A9574541A03CCFD7 /* Raleway-Regular.ttf */ = {isa = PBXFileReference; name = "Raleway-Regular.ttf"; path = "../src/theme/Font/Raleway/Raleway-Regular.ttf"; sourceTree = "<group>"; fileEncoding = undefined; lastKnownFileType = unknown; explicitFileType = undefined; includeInIndex = 0; };
		5DCEFB7751E44ED0A585192D /* Raleway-SemiBold.ttf */ = {isa = PBXFileReference; name = "Raleway-SemiBold.ttf"; path = "../src/theme/Font/Raleway/Raleway-SemiBold.ttf"; sourceTree = "<group>"; fileEncoding = undefined; lastKnownFileType = unknown; explicitFileType = undefined; includeInIndex = 0; };
		8FC26113CDA747DD8E4CDAA9 /* Raleway-SemiBoldItalic.ttf */ = {isa = PBXFileReference; name = "Raleway-SemiBoldItalic.ttf"; path = "../src/theme/Font/Raleway/Raleway-SemiBoldItalic.ttf"; sourceTree = "<group>"; fileEncoding = undefined; lastKnownFileType = unknown; explicitFileType = undefined; includeInIndex = 0; };
		A4009B57E28A47D0B99DEB89 /* Raleway-Thin.ttf */ = {isa = PBXFileReference; name = "Raleway-Thin.ttf"; path = "../src/theme/Font/Raleway/Raleway-Thin.ttf"; sourceTree = "<group>"; fileEncoding = undefined; lastKnownFileType = unknown; explicitFileType = undefined; includeInIndex = 0; };
		BE47108A394D416F817C0899 /* Raleway-ThinItalic.ttf */ = {isa = PBXFileReference; name = "Raleway-ThinItalic.ttf"; path = "../src/theme/Font/Raleway/Raleway-ThinItalic.ttf"; sourceTree = "<group>"; fileEncoding = undefined; lastKnownFileType = unknown; explicitFileType = undefined; includeInIndex = 0; };
		3C768CD8D86C4FAB8989CC66 /* Syne-Bold.ttf */ = {isa = PBXFileReference; name = "Syne-Bold.ttf"; path = "../src/theme/Font/Syne/Syne-Bold.ttf"; sourceTree = "<group>"; fileEncoding = undefined; lastKnownFileType = unknown; explicitFileType = undefined; includeInIndex = 0; };
		79BD01BA757746A793C5BB34 /* Syne-ExtraBold.ttf */ = {isa = PBXFileReference; name = "Syne-ExtraBold.ttf"; path = "../src/theme/Font/Syne/Syne-ExtraBold.ttf"; sourceTree = "<group>"; fileEncoding = undefined; lastKnownFileType = unknown; explicitFileType = undefined; includeInIndex = 0; };
		1B52DBA6AF8342A1B8B11687 /* Syne-Medium.ttf */ = {isa = PBXFileReference; name = "Syne-Medium.ttf"; path = "../src/theme/Font/Syne/Syne-Medium.ttf"; sourceTree = "<group>"; fileEncoding = undefined; lastKnownFileType = unknown; explicitFileType = undefined; includeInIndex = 0; };
		AC3861F946DB4F488D71906E /* Syne-Regular.ttf */ = {isa = PBXFileReference; name = "Syne-Regular.ttf"; path = "../src/theme/Font/Syne/Syne-Regular.ttf"; sourceTree = "<group>"; fileEncoding = undefined; lastKnownFileType = unknown; explicitFileType = undefined; includeInIndex = 0; };
		A7D45365095946D9B3FD0568 /* Syne-SemiBold.ttf */ = {isa = PBXFileReference; name = "Syne-SemiBold.ttf"; path = "../src/theme/Font/Syne/Syne-SemiBold.ttf"; sourceTree = "<group>"; fileEncoding = undefined; lastKnownFileType = unknown; explicitFileType = undefined; includeInIndex = 0; };
		1D3426626704444DA6BB2A98 /* OFL.txt */ = {isa = PBXFileReference; name = "OFL.txt"; path = "../src/theme/Font/Poppins/OFL.txt"; sourceTree = "<group>"; fileEncoding = undefined; lastKnownFileType = unknown; explicitFileType = undefined; includeInIndex = 0; };
/* End PBXFileReference section */

/* Begin PBXFrameworksBuildPhase section */
		13B07F8C1A680F5B00A75B9A /* Frameworks */ = {
			isa = PBXFrameworksBuildPhase;
			buildActionMask = 2147483647;
			files = (
				0C80B921A6F3F58F76C31292 /* libPods-EverRide.a in Frameworks */,
			);
			runOnlyForDeploymentPostprocessing = 0;
		};
/* End PBXFrameworksBuildPhase section */

/* Begin PBXGroup section */
		13B07FAE1A68108700A75B9A /* EverRide */ = {
			isa = PBXGroup;
			children = (
				13B07FB51A68108700A75B9A /* Images.xcassets */,
				761780EC2CA45674006654EE /* AppDelegate.swift */,
				13B07FB61A68108700A75B9A /* Info.plist */,
				81AB9BB72411601600AC10FF /* LaunchScreen.storyboard */,
				13B07FB81A68108700A75B9A /* PrivacyInfo.xcprivacy */,
			);
			name = EverRide;
			sourceTree = "<group>";
		};
		2D16E6871FA4F8E400B85C8A /* Frameworks */ = {
			isa = PBXGroup;
			children = (
				ED297162215061F000B7C4FE /* JavaScriptCore.framework */,
				5DCACB8F33CDC322A6C60F78 /* libPods-EverRide.a */,
			);
			name = Frameworks;
			sourceTree = "<group>";
		};
		832341AE1AAA6A7D00B99B32 /* Libraries */ = {
			isa = PBXGroup;
			children = (
			);
			name = Libraries;
			sourceTree = "<group>";
		};
		83CBB9F61A601CBA00E9B192 = {
			isa = PBXGroup;
			children = (
				13B07FAE1A68108700A75B9A /* EverRide */,
				832341AE1AAA6A7D00B99B32 /* Libraries */,
				83CBBA001A601CBA00E9B192 /* Products */,
				2D16E6871FA4F8E400B85C8A /* Frameworks */,
				BBD78D7AC51CEA395F1C20DB /* Pods */,
				7D7755E1DE0A481DB336ACBE /* Resources */,
			);
			indentWidth = 2;
			sourceTree = "<group>";
			tabWidth = 2;
			usesTabs = 0;
		};
		83CBBA001A601CBA00E9B192 /* Products */ = {
			isa = PBXGroup;
			children = (
				13B07F961A680F5B00A75B9A /* EverRide.app */,
			);
			name = Products;
			sourceTree = "<group>";
		};
		BBD78D7AC51CEA395F1C20DB /* Pods */ = {
			isa = PBXGroup;
			children = (
				3B4392A12AC88292D35C810B /* Pods-EverRide.debug.xcconfig */,
				5709B34CF0A7D63546082F79 /* Pods-EverRide.release.xcconfig */,
			);
			path = Pods;
			sourceTree = "<group>";
		};
		7D7755E1DE0A481DB336ACBE /* Resources */ = {
			isa = "PBXGroup";
			children = (
				C9177BDA017A4A0DBA480A25 /* Poppins-Black.ttf */,
				38254112DFFC4894923CE08E /* Poppins-BlackItalic.ttf */,
				AEFDA877C5744693A8864757 /* Poppins-Bold.ttf */,
				AC62BF47A43A41378D4C0EA8 /* Poppins-BoldItalic.ttf */,
				069353C878AA4BC4B6F56345 /* Poppins-ExtraBold.ttf */,
				929B9EB09D734EF683B3C834 /* Poppins-ExtraBoldItalic.ttf */,
				1A4B727F1F1B4173829BD03B /* Poppins-ExtraLight.ttf */,
				5C49B3A7D28540A89CE562CD /* Poppins-ExtraLightItalic.ttf */,
				87F05EA4070D41F69D826357 /* Poppins-Italic.ttf */,
				517531B9ED8842C78DE79D2C /* Poppins-Light.ttf */,
				BF24024C4FF14796A4E85ABF /* Poppins-LightItalic.ttf */,
				9B748425963F469DB35DCB2E /* Poppins-Medium.ttf */,
				5A4FBFE16C1349DE890F21E8 /* Poppins-MediumItalic.ttf */,
				6F1E559587E34365A0B7479E /* Poppins-Regular.ttf */,
				AE5AC91FFFEB49659646B563 /* Poppins-SemiBold.ttf */,
				936609AC6C70479C9BD8533A /* Poppins-SemiBoldItalic.ttf */,
				619C6AC4FE094FC8B6F89119 /* Poppins-Thin.ttf */,
				CB69FCEA205D4ED38A97B6C6 /* Poppins-ThinItalic.ttf */,
				F8A360CBD4084448A5225D0F /* Raleway-Black.ttf */,
				FB6EFE12D5E64391BB443558 /* Raleway-BlackItalic.ttf */,
				5B84A62DD3834F9B823AC976 /* Raleway-Bold.ttf */,
				EC310950360449E9B3EE09B2 /* Raleway-BoldItalic.ttf */,
				11CB19213A1546A1A9D46F4F /* Raleway-ExtraBold.ttf */,
				D78EB878E1244A149184A2EC /* Raleway-ExtraBoldItalic.ttf */,
				2387AD011A264A8E974C14E6 /* Raleway-ExtraLight.ttf */,
				B0F280E49AEA48ED98E0153A /* Raleway-ExtraLightItalic.ttf */,
				CF7FE563BE2749A29CA71466 /* Raleway-Italic.ttf */,
				D1BAA3FF4F774F9DB84B925C /* Raleway-Light.ttf */,
				F103EB828FF84306BF7AC9A4 /* Raleway-LightItalic.ttf */,
				3EE8FEAAC49945258EE30405 /* Raleway-Medium.ttf */,
				A2A98E9C523F4535808A4D1C /* Raleway-MediumItalic.ttf */,
				ADC50796A9574541A03CCFD7 /* Raleway-Regular.ttf */,
				5DCEFB7751E44ED0A585192D /* Raleway-SemiBold.ttf */,
				8FC26113CDA747DD8E4CDAA9 /* Raleway-SemiBoldItalic.ttf */,
				A4009B57E28A47D0B99DEB89 /* Raleway-Thin.ttf */,
				BE47108A394D416F817C0899 /* Raleway-ThinItalic.ttf */,
				3C768CD8D86C4FAB8989CC66 /* Syne-Bold.ttf */,
				79BD01BA757746A793C5BB34 /* Syne-ExtraBold.ttf */,
				1B52DBA6AF8342A1B8B11687 /* Syne-Medium.ttf */,
				AC3861F946DB4F488D71906E /* Syne-Regular.ttf */,
				A7D45365095946D9B3FD0568 /* Syne-SemiBold.ttf */,
				1D3426626704444DA6BB2A98 /* OFL.txt */,
			);
			name = Resources;
			sourceTree = "<group>";
			path = "";
		};
/* End PBXGroup section */

/* Begin PBXNativeTarget section */
		13B07F861A680F5B00A75B9A /* EverRide */ = {
			isa = PBXNativeTarget;
			buildConfigurationList = 13B07F931A680F5B00A75B9A /* Build configuration list for PBXNativeTarget "EverRide" */;
			buildPhases = (
				C38B50BA6285516D6DCD4F65 /* [CP] Check Pods Manifest.lock */,
				13B07F871A680F5B00A75B9A /* Sources */,
				13B07F8C1A680F5B00A75B9A /* Frameworks */,
				13B07F8E1A680F5B00A75B9A /* Resources */,
				00DD1BFF1BD5951E006B06BC /* Bundle React Native code and images */,
				00EEFC60759A1932668264C0 /* [CP] Embed Pods Frameworks */,
				E235C05ADACE081382539298 /* [CP] Copy Pods Resources */,
			);
			buildRules = (
			);
			dependencies = (
			);
			name = EverRide;
			productName = EverRide;
			productReference = 13B07F961A680F5B00A75B9A /* EverRide.app */;
			productType = "com.apple.product-type.application";
		};
/* End PBXNativeTarget section */

/* Begin PBXProject section */
		83CBB9F71A601CBA00E9B192 /* Project object */ = {
			isa = PBXProject;
			attributes = {
				LastUpgradeCheck = 1210;
				TargetAttributes = {
					13B07F861A680F5B00A75B9A = {
						LastSwiftMigration = 1120;
					};
				};
			};
			buildConfigurationList = 83CBB9FA1A601CBA00E9B192 /* Build configuration list for PBXProject "EverRide" */;
			compatibilityVersion = "Xcode 12.0";
			developmentRegion = en;
			hasScannedForEncodings = 0;
			knownRegions = (
				en,
				Base,
			);
			mainGroup = 83CBB9F61A601CBA00E9B192;
			productRefGroup = 83CBBA001A601CBA00E9B192 /* Products */;
			projectDirPath = "";
			projectRoot = "";
			targets = (
				13B07F861A680F5B00A75B9A /* EverRide */,
			);
		};
/* End PBXProject section */

/* Begin PBXResourcesBuildPhase section */
		13B07F8E1A680F5B00A75B9A /* Resources */ = {
			isa = PBXResourcesBuildPhase;
			buildActionMask = 2147483647;
			files = (
				81AB9BB82411601600AC10FF /* LaunchScreen.storyboard in Resources */,
				13B07FBF1A68108700A75B9A /* Images.xcassets in Resources */,
				57047730919143F1843474A2 /* Poppins-Black.ttf in Resources */,
				8AF8AADC89914C67903F05DD /* Poppins-BlackItalic.ttf in Resources */,
				0343E6B7449E481DACBF3BDD /* Poppins-Bold.ttf in Resources */,
				EEF0FF5CB8294BE1A9B59549 /* Poppins-BoldItalic.ttf in Resources */,
				4FB4321CC07D4501AEAFF843 /* Poppins-ExtraBold.ttf in Resources */,
				7A115FF4EFD94DFAA3188FFE /* Poppins-ExtraBoldItalic.ttf in Resources */,
				765806065B8041489784699D /* Poppins-ExtraLight.ttf in Resources */,
				E481EFC72948409088299169 /* Poppins-ExtraLightItalic.ttf in Resources */,
				029746305CEE41E1BAF2ED74 /* Poppins-Italic.ttf in Resources */,
				26D174ACEA1C435B98B0D751 /* Poppins-Light.ttf in Resources */,
				B8BC02A56FEE4110B3DC7CBB /* Poppins-LightItalic.ttf in Resources */,
				E1A62250B7584C63A50C585E /* Poppins-Medium.ttf in Resources */,
				F0BEFABB0F8142429B0E42FE /* Poppins-MediumItalic.ttf in Resources */,
				7E0B6BD80769498F91378AA7 /* Poppins-Regular.ttf in Resources */,
				C5C57EC59E11450693FB4E9A /* Poppins-SemiBold.ttf in Resources */,
				5F2A116C6AAA4CEDB21F9CF4 /* Poppins-SemiBoldItalic.ttf in Resources */,
				AAC0C8D7A12D4547A9C22652 /* Poppins-Thin.ttf in Resources */,
				C58AE31018044B169E85FB84 /* Poppins-ThinItalic.ttf in Resources */,
				281FA973A3B94579B3F79D62 /* Raleway-Black.ttf in Resources */,
				DDCD25E51DED4527A9AE0390 /* Raleway-BlackItalic.ttf in Resources */,
				E77399244BA9424F81994403 /* Raleway-Bold.ttf in Resources */,
				748AE027FA3B4462BD1B5C73 /* Raleway-BoldItalic.ttf in Resources */,
				EC83AC833E8D4634B4BD1A99 /* Raleway-ExtraBold.ttf in Resources */,
				69C199B2C7B64324A86C15B7 /* Raleway-ExtraBoldItalic.ttf in Resources */,
				8B45351754484E26BF9CB573 /* Raleway-ExtraLight.ttf in Resources */,
				470238E617AA42CBA0E4C542 /* Raleway-ExtraLightItalic.ttf in Resources */,
				475CEA437CE34F17AB030BB1 /* Raleway-Italic.ttf in Resources */,
				15807BCF7C1C4A2BB0AF7CD1 /* Raleway-Light.ttf in Resources */,
				67BDE5F0A9294258A59040AB /* Raleway-LightItalic.ttf in Resources */,
				92C8411EB33248D188573240 /* Raleway-Medium.ttf in Resources */,
				CC492F612B13436FB04659F0 /* Raleway-MediumItalic.ttf in Resources */,
				807310B67AA34888B6B9C8A3 /* Raleway-Regular.ttf in Resources */,
				BA0FCAA376B34838AC8C4A4C /* Raleway-SemiBold.ttf in Resources */,
				008D09C82DB84E58A8ED545D /* Raleway-SemiBoldItalic.ttf in Resources */,
				5B6C4A4FFF614577980A850C /* Raleway-Thin.ttf in Resources */,
				DD1F24CC7AF14729A8C59766 /* Raleway-ThinItalic.ttf in Resources */,
				B9B9E8A2121349F7A18FF51B /* Syne-Bold.ttf in Resources */,
				704425D1CE344B1D8ABA5801 /* Syne-ExtraBold.ttf in Resources */,
				D0836439EA244CFDBA2735E9 /* Syne-Medium.ttf in Resources */,
				67C232E74D234C94ADA86C50 /* Syne-Regular.ttf in Resources */,
				23F9872C41454090827EEBA0 /* Syne-SemiBold.ttf in Resources */,
				CF459E7BC9BE4C51B93EA9F7 /* OFL.txt in Resources */,
			);
			runOnlyForDeploymentPostprocessing = 0;
		};
/* End PBXResourcesBuildPhase section */

/* Begin PBXShellScriptBuildPhase section */
		00DD1BFF1BD5951E006B06BC /* Bundle React Native code and images */ = {
			isa = PBXShellScriptBuildPhase;
			buildActionMask = 2147483647;
			files = (
			);
			inputPaths = (
				"$(SRCROOT)/.xcode.env.local",
				"$(SRCROOT)/.xcode.env",
			);
			name = "Bundle React Native code and images";
			outputPaths = (
			);
			runOnlyForDeploymentPostprocessing = 0;
			shellPath = /bin/sh;
			shellScript = "set -e\n\nWITH_ENVIRONMENT=\"$REACT_NATIVE_PATH/scripts/xcode/with-environment.sh\"\nREACT_NATIVE_XCODE=\"$REACT_NATIVE_PATH/scripts/react-native-xcode.sh\"\n\n/bin/sh -c \"\\\"$WITH_ENVIRONMENT\\\" \\\"$REACT_NATIVE_XCODE\\\"\"\n";
		};
		00EEFC60759A1932668264C0 /* [CP] Embed Pods Frameworks */ = {
			isa = PBXShellScriptBuildPhase;
			buildActionMask = 2147483647;
			files = (
			);
			inputFileListPaths = (
				"${PODS_ROOT}/Target Support Files/Pods-EverRide/Pods-EverRide-frameworks-${CONFIGURATION}-input-files.xcfilelist",
			);
			name = "[CP] Embed Pods Frameworks";
			outputFileListPaths = (
				"${PODS_ROOT}/Target Support Files/Pods-EverRide/Pods-EverRide-frameworks-${CONFIGURATION}-output-files.xcfilelist",
			);
			runOnlyForDeploymentPostprocessing = 0;
			shellPath = /bin/sh;
			shellScript = "\"${PODS_ROOT}/Target Support Files/Pods-EverRide/Pods-EverRide-frameworks.sh\"\n";
			showEnvVarsInLog = 0;
		};
		C38B50BA6285516D6DCD4F65 /* [CP] Check Pods Manifest.lock */ = {
			isa = PBXShellScriptBuildPhase;
			buildActionMask = 2147483647;
			files = (
			);
			inputFileListPaths = (
			);
			inputPaths = (
				"${PODS_PODFILE_DIR_PATH}/Podfile.lock",
				"${PODS_ROOT}/Manifest.lock",
			);
			name = "[CP] Check Pods Manifest.lock";
			outputFileListPaths = (
			);
			outputPaths = (
				"$(DERIVED_FILE_DIR)/Pods-EverRide-checkManifestLockResult.txt",
			);
			runOnlyForDeploymentPostprocessing = 0;
			shellPath = /bin/sh;
			shellScript = "diff \"${PODS_PODFILE_DIR_PATH}/Podfile.lock\" \"${PODS_ROOT}/Manifest.lock\" > /dev/null\nif [ $? != 0 ] ; then\n    # print error to STDERR\n    echo \"error: The sandbox is not in sync with the Podfile.lock. Run 'pod install' or update your CocoaPods installation.\" >&2\n    exit 1\nfi\n# This output is used by Xcode 'outputs' to avoid re-running this script phase.\necho \"SUCCESS\" > \"${SCRIPT_OUTPUT_FILE_0}\"\n";
			showEnvVarsInLog = 0;
		};
		E235C05ADACE081382539298 /* [CP] Copy Pods Resources */ = {
			isa = PBXShellScriptBuildPhase;
			buildActionMask = 2147483647;
			files = (
			);
			inputFileListPaths = (
				"${PODS_ROOT}/Target Support Files/Pods-EverRide/Pods-EverRide-resources-${CONFIGURATION}-input-files.xcfilelist",
			);
			name = "[CP] Copy Pods Resources";
			outputFileListPaths = (
				"${PODS_ROOT}/Target Support Files/Pods-EverRide/Pods-EverRide-resources-${CONFIGURATION}-output-files.xcfilelist",
			);
			runOnlyForDeploymentPostprocessing = 0;
			shellPath = /bin/sh;
			shellScript = "\"${PODS_ROOT}/Target Support Files/Pods-EverRide/Pods-EverRide-resources.sh\"\n";
			showEnvVarsInLog = 0;
		};
/* End PBXShellScriptBuildPhase section */

/* Begin PBXSourcesBuildPhase section */
		13B07F871A680F5B00A75B9A /* Sources */ = {
			isa = PBXSourcesBuildPhase;
			buildActionMask = 2147483647;
			files = (
				761780ED2CA45674006654EE /* AppDelegate.swift in Sources */,
			);
			runOnlyForDeploymentPostprocessing = 0;
		};
/* End PBXSourcesBuildPhase section */

/* Begin XCBuildConfiguration section */
		13B07F941A680F5B00A75B9A /* Debug */ = {
			isa = XCBuildConfiguration;
			baseConfigurationReference = 3B4392A12AC88292D35C810B /* Pods-EverRide.debug.xcconfig */;
			buildSettings = {
				ASSETCATALOG_COMPILER_APPICON_NAME = AppIcon;
				CLANG_ENABLE_MODULES = YES;
				CURRENT_PROJECT_VERSION = 1;
				ENABLE_BITCODE = NO;
				INFOPLIST_FILE = EverRide/Info.plist;
				IPHONEOS_DEPLOYMENT_TARGET = 15.1;
				LD_RUNPATH_SEARCH_PATHS = (
					"$(inherited)",
					"@executable_path/Frameworks",
				);
				MARKETING_VERSION = 1.0;
				OTHER_LDFLAGS = (
					"$(inherited)",
					"-ObjC",
					"-lc++",
				);
				PRODUCT_BUNDLE_IDENTIFIER = "org.reactjs.native.example.$(PRODUCT_NAME:rfc1034identifier)";
				PRODUCT_NAME = EverRide;
				SUPPORTED_PLATFORMS = "iphoneos iphonesimulator";
				SWIFT_OPTIMIZATION_LEVEL = "-Onone";
				SWIFT_VERSION = 5.0;
				TARGETED_DEVICE_FAMILY = "1,2";
				VERSIONING_SYSTEM = "apple-generic";
			};
			name = Debug;
		};
		13B07F951A680F5B00A75B9A /* Release */ = {
			isa = XCBuildConfiguration;
			baseConfigurationReference = 5709B34CF0A7D63546082F79 /* Pods-EverRide.release.xcconfig */;
			buildSettings = {
				ASSETCATALOG_COMPILER_APPICON_NAME = AppIcon;
				CLANG_ENABLE_MODULES = YES;
				CURRENT_PROJECT_VERSION = 1;
				INFOPLIST_FILE = EverRide/Info.plist;
				IPHONEOS_DEPLOYMENT_TARGET = 15.1;
				LD_RUNPATH_SEARCH_PATHS = (
					"$(inherited)",
					"@executable_path/Frameworks",
				);
				MARKETING_VERSION = 1.0;
				OTHER_LDFLAGS = (
					"$(inherited)",
					"-ObjC",
					"-lc++",
				);
				PRODUCT_BUNDLE_IDENTIFIER = "org.reactjs.native.example.$(PRODUCT_NAME:rfc1034identifier)";
				PRODUCT_NAME = EverRide;
				SUPPORTED_PLATFORMS = "iphoneos iphonesimulator";
				SWIFT_VERSION = 5.0;
				TARGETED_DEVICE_FAMILY = "1,2";
				VERSIONING_SYSTEM = "apple-generic";
			};
			name = Release;
		};
		83CBBA201A601CBA00E9B192 /* Debug */ = {
			isa = XCBuildConfiguration;
			buildSettings = {
				ALWAYS_SEARCH_USER_PATHS = NO;
				CLANG_ANALYZER_LOCALIZABILITY_NONLOCALIZED = YES;
				CLANG_CXX_LANGUAGE_STANDARD = "c++20";
				CLANG_CXX_LIBRARY = "libc++";
				CLANG_ENABLE_MODULES = YES;
				CLANG_ENABLE_OBJC_ARC = YES;
				CLANG_WARN_BLOCK_CAPTURE_AUTORELEASING = YES;
				CLANG_WARN_BOOL_CONVERSION = YES;
				CLANG_WARN_COMMA = YES;
				CLANG_WARN_CONSTANT_CONVERSION = YES;
				CLANG_WARN_DEPRECATED_OBJC_IMPLEMENTATIONS = YES;
				CLANG_WARN_DIRECT_OBJC_ISA_USAGE = YES_ERROR;
				CLANG_WARN_EMPTY_BODY = YES;
				CLANG_WARN_ENUM_CONVERSION = YES;
				CLANG_WARN_INFINITE_RECURSION = YES;
				CLANG_WARN_INT_CONVERSION = YES;
				CLANG_WARN_NON_LITERAL_NULL_CONVERSION = YES;
				CLANG_WARN_OBJC_IMPLICIT_RETAIN_SELF = YES;
				CLANG_WARN_OBJC_LITERAL_CONVERSION = YES;
				CLANG_WARN_OBJC_ROOT_CLASS = YES_ERROR;
				CLANG_WARN_QUOTED_INCLUDE_IN_FRAMEWORK_HEADER = YES;
				CLANG_WARN_RANGE_LOOP_ANALYSIS = YES;
				CLANG_WARN_STRICT_PROTOTYPES = YES;
				CLANG_WARN_SUSPICIOUS_MOVE = YES;
				CLANG_WARN_UNREACHABLE_CODE = YES;
				CLANG_WARN__DUPLICATE_METHOD_MATCH = YES;
				"CODE_SIGN_IDENTITY[sdk=iphoneos*]" = "iPhone Developer";
				COPY_PHASE_STRIP = NO;
				ENABLE_STRICT_OBJC_MSGSEND = YES;
				ENABLE_TESTABILITY = YES;
				"EXCLUDED_ARCHS[sdk=iphonesimulator*]" = "";
				GCC_C_LANGUAGE_STANDARD = gnu99;
				GCC_DYNAMIC_NO_PIC = NO;
				GCC_NO_COMMON_BLOCKS = YES;
				GCC_OPTIMIZATION_LEVEL = 0;
				GCC_PREPROCESSOR_DEFINITIONS = (
					"DEBUG=1",
					"$(inherited)",
				);
				GCC_SYMBOLS_PRIVATE_EXTERN = NO;
				GCC_WARN_64_TO_32_BIT_CONVERSION = YES;
				GCC_WARN_ABOUT_RETURN_TYPE = YES_ERROR;
				GCC_WARN_UNDECLARED_SELECTOR = YES;
				GCC_WARN_UNINITIALIZED_AUTOS = YES_AGGRESSIVE;
				GCC_WARN_UNUSED_FUNCTION = YES;
				GCC_WARN_UNUSED_VARIABLE = YES;
				IPHONEOS_DEPLOYMENT_TARGET = 15.1;
				LD_RUNPATH_SEARCH_PATHS = (
					/usr/lib/swift,
					"$(inherited)",
				);
				LIBRARY_SEARCH_PATHS = (
					"\"$(SDKROOT)/usr/lib/swift\"",
					"\"$(TOOLCHAIN_DIR)/usr/lib/swift/$(PLATFORM_NAME)\"",
					"\"$(inherited)\"",
				);
				MTL_ENABLE_DEBUG_INFO = YES;
				ONLY_ACTIVE_ARCH = YES;
				OTHER_CPLUSPLUSFLAGS = (
					"$(OTHER_CFLAGS)",
					"-DFOLLY_NO_CONFIG",
					"-DFOLLY_MOBILE=1",
					"-DFOLLY_USE_LIBCPP=1",
					"-DFOLLY_CFG_NO_COROUTINES=1",
					"-DFOLLY_HAVE_CLOCK_GETTIME=1",
				);
				SDKROOT = iphoneos;
			};
			name = Debug;
		};
		83CBBA211A601CBA00E9B192 /* Release */ = {
			isa = XCBuildConfiguration;
			buildSettings = {
				ALWAYS_SEARCH_USER_PATHS = NO;
				CLANG_ANALYZER_LOCALIZABILITY_NONLOCALIZED = YES;
				CLANG_CXX_LANGUAGE_STANDARD = "c++20";
				CLANG_CXX_LIBRARY = "libc++";
				CLANG_ENABLE_MODULES = YES;
				CLANG_ENABLE_OBJC_ARC = YES;
				CLANG_WARN_BLOCK_CAPTURE_AUTORELEASING = YES;
				CLANG_WARN_BOOL_CONVERSION = YES;
				CLANG_WARN_COMMA = YES;
				CLANG_WARN_CONSTANT_CONVERSION = YES;
				CLANG_WARN_DEPRECATED_OBJC_IMPLEMENTATIONS = YES;
				CLANG_WARN_DIRECT_OBJC_ISA_USAGE = YES_ERROR;
				CLANG_WARN_EMPTY_BODY = YES;
				CLANG_WARN_ENUM_CONVERSION = YES;
				CLANG_WARN_INFINITE_RECURSION = YES;
				CLANG_WARN_INT_CONVERSION = YES;
				CLANG_WARN_NON_LITERAL_NULL_CONVERSION = YES;
				CLANG_WARN_OBJC_IMPLICIT_RETAIN_SELF = YES;
				CLANG_WARN_OBJC_LITERAL_CONVERSION = YES;
				CLANG_WARN_OBJC_ROOT_CLASS = YES_ERROR;
				CLANG_WARN_QUOTED_INCLUDE_IN_FRAMEWORK_HEADER = YES;
				CLANG_WARN_RANGE_LOOP_ANALYSIS = YES;
				CLANG_WARN_STRICT_PROTOTYPES = YES;
				CLANG_WARN_SUSPICIOUS_MOVE = YES;
				CLANG_WARN_UNREACHABLE_CODE = YES;
				CLANG_WARN__DUPLICATE_METHOD_MATCH = YES;
				"CODE_SIGN_IDENTITY[sdk=iphoneos*]" = "iPhone Developer";
				COPY_PHASE_STRIP = YES;
				ENABLE_NS_ASSERTIONS = NO;
				ENABLE_STRICT_OBJC_MSGSEND = YES;
				"EXCLUDED_ARCHS[sdk=iphonesimulator*]" = "";
				GCC_C_LANGUAGE_STANDARD = gnu99;
				GCC_NO_COMMON_BLOCKS = YES;
				GCC_WARN_64_TO_32_BIT_CONVERSION = YES;
				GCC_WARN_ABOUT_RETURN_TYPE = YES_ERROR;
				GCC_WARN_UNDECLARED_SELECTOR = YES;
				GCC_WARN_UNINITIALIZED_AUTOS = YES_AGGRESSIVE;
				GCC_WARN_UNUSED_FUNCTION = YES;
				GCC_WARN_UNUSED_VARIABLE = YES;
				IPHONEOS_DEPLOYMENT_TARGET = 15.1;
				LD_RUNPATH_SEARCH_PATHS = (
					/usr/lib/swift,
					"$(inherited)",
				);
				LIBRARY_SEARCH_PATHS = (
					"\"$(SDKROOT)/usr/lib/swift\"",
					"\"$(TOOLCHAIN_DIR)/usr/lib/swift/$(PLATFORM_NAME)\"",
					"\"$(inherited)\"",
				);
				MTL_ENABLE_DEBUG_INFO = NO;
				OTHER_CPLUSPLUSFLAGS = (
					"$(OTHER_CFLAGS)",
					"-DFOLLY_NO_CONFIG",
					"-DFOLLY_MOBILE=1",
					"-DFOLLY_USE_LIBCPP=1",
					"-DFOLLY_CFG_NO_COROUTINES=1",
					"-DFOLLY_HAVE_CLOCK_GETTIME=1",
				);
				SDKROOT = iphoneos;
				VALIDATE_PRODUCT = YES;
			};
			name = Release;
		};
/* End XCBuildConfiguration section */

/* Begin XCConfigurationList section */
		13B07F931A680F5B00A75B9A /* Build configuration list for PBXNativeTarget "EverRide" */ = {
			isa = XCConfigurationList;
			buildConfigurations = (
				13B07F941A680F5B00A75B9A /* Debug */,
				13B07F951A680F5B00A75B9A /* Release */,
			);
			defaultConfigurationIsVisible = 0;
			defaultConfigurationName = Release;
		};
		83CBB9FA1A601CBA00E9B192 /* Build configuration list for PBXProject "EverRide" */ = {
			isa = XCConfigurationList;
			buildConfigurations = (
				83CBBA201A601CBA00E9B192 /* Debug */,
				83CBBA211A601CBA00E9B192 /* Release */,
			);
			defaultConfigurationIsVisible = 0;
			defaultConfigurationName = Release;
		};
/* End XCConfigurationList section */
	};
	rootObject = 83CBB9F71A601CBA00E9B192 /* Project object */;
}
